
Microsoft Visual Studio Solution File, Format Version 12.00
# Visual Studio 15
VisualStudioVersion = 15.0.26430.12
MinimumVisualStudioVersion = 10.0.40219.1
Project("{FAE04EC0-301F-11D3-BF4B-00C04F79EFBC}") = "VPCXamarinTraining.Android", "VPCXamarinTraining\VPCXamarinTraining.Android\VPCXamarinTraining.Android.csproj", "{D17121B1-F5C2-4E2D-8B39-9D2BBD0B8752}"
EndProject
Project("{FAE04EC0-301F-11D3-BF4B-00C04F79EFBC}") = "VPCXamarinTraining", "VPCXamarinTraining\VPCXamarinTraining\VPCXamarinTraining.csproj", "{6E1A66F1-EE93-4D46-936E-7EE4B90853C0}"
EndProject
Project("{FAE04EC0-301F-11D3-BF4B-00C04F79EFBC}") = "VPCXamarinTraining.UWP", "VPCXamarinTraining\VPCXamarinTraining.UWP\VPCXamarinTraining.UWP.csproj", "{366C0DDD-5F45-4AEF-AAC0-42B2AB12DF62}"
EndProject
Project("{FAE04EC0-301F-11D3-BF4B-00C04F79EFBC}") = "VPCXamarinTraining.iOS", "VPCXamarinTraining\VPCXamarinTraining.iOS\VPCXamarinTraining.iOS.csproj", "{05E70A51-C615-4593-9DAB-5694884E4B8D}"
EndProject
Global
	GlobalSection(SolutionConfigurationPlatforms) = preSolution
		Ad-Hoc|Any CPU = Ad-Hoc|Any CPU
		Ad-Hoc|ARM = Ad-Hoc|ARM
		Ad-Hoc|iPhone = Ad-Hoc|iPhone
		Ad-Hoc|iPhoneSimulator = Ad-Hoc|iPhoneSimulator
		Ad-Hoc|x64 = Ad-Hoc|x64
		Ad-Hoc|x86 = Ad-Hoc|x86
		AppStore|Any CPU = AppStore|Any CPU
		AppStore|ARM = AppStore|ARM
		AppStore|iPhone = AppStore|iPhone
		AppStore|iPhoneSimulator = AppStore|iPhoneSimulator
		AppStore|x64 = AppStore|x64
		AppStore|x86 = AppStore|x86
		Debug|Any CPU = Debug|Any CPU
		Debug|ARM = Debug|ARM
		Debug|iPhone = Debug|iPhone
		Debug|iPhoneSimulator = Debug|iPhoneSimulator
		Debug|x64 = Debug|x64
		Debug|x86 = Debug|x86
		Release|Any CPU = Release|Any CPU
		Release|ARM = Release|ARM
		Release|iPhone = Release|iPhone
		Release|iPhoneSimulator = Release|iPhoneSimulator
		Release|x64 = Release|x64
		Release|x86 = Release|x86
	EndGlobalSection
	GlobalSection(ProjectConfigurationPlatforms) = postSolution
		{D17121B1-F5C2-4E2D-8B39-9D2BBD0B8752}.Ad-Hoc|Any CPU.ActiveCfg = Release|Any CPU
		{D17121B1-F5C2-4E2D-8B39-9D2BBD0B8752}.Ad-Hoc|Any CPU.Build.0 = Release|Any CPU
		{D17121B1-F5C2-4E2D-8B39-9D2BBD0B8752}.Ad-Hoc|Any CPU.Deploy.0 = Release|Any CPU
		{D17121B1-F5C2-4E2D-8B39-9D2BBD0B8752}.Ad-Hoc|ARM.ActiveCfg = Release|Any CPU
		{D17121B1-F5C2-4E2D-8B39-9D2BBD0B8752}.Ad-Hoc|ARM.Build.0 = Release|Any CPU
		{D17121B1-F5C2-4E2D-8B39-9D2BBD0B8752}.Ad-Hoc|ARM.Deploy.0 = Release|Any CPU
		{D17121B1-F5C2-4E2D-8B39-9D2BBD0B8752}.Ad-Hoc|iPhone.ActiveCfg = Release|Any CPU
		{D17121B1-F5C2-4E2D-8B39-9D2BBD0B8752}.Ad-Hoc|iPhone.Build.0 = Release|Any CPU
		{D17121B1-F5C2-4E2D-8B39-9D2BBD0B8752}.Ad-Hoc|iPhone.Deploy.0 = Release|Any CPU
		{D17121B1-F5C2-4E2D-8B39-9D2BBD0B8752}.Ad-Hoc|iPhoneSimulator.ActiveCfg = Release|Any CPU
		{D17121B1-F5C2-4E2D-8B39-9D2BBD0B8752}.Ad-Hoc|iPhoneSimulator.Build.0 = Release|Any CPU
		{D17121B1-F5C2-4E2D-8B39-9D2BBD0B8752}.Ad-Hoc|iPhoneSimulator.Deploy.0 = Release|Any CPU
		{D17121B1-F5C2-4E2D-8B39-9D2BBD0B8752}.Ad-Hoc|x64.ActiveCfg = Release|Any CPU
		{D17121B1-F5C2-4E2D-8B39-9D2BBD0B8752}.Ad-Hoc|x64.Build.0 = Release|Any CPU
		{D17121B1-F5C2-4E2D-8B39-9D2BBD0B8752}.Ad-Hoc|x64.Deploy.0 = Release|Any CPU
		{D17121B1-F5C2-4E2D-8B39-9D2BBD0B8752}.Ad-Hoc|x86.ActiveCfg = Release|Any CPU
		{D17121B1-F5C2-4E2D-8B39-9D2BBD0B8752}.Ad-Hoc|x86.Build.0 = Release|Any CPU
		{D17121B1-F5C2-4E2D-8B39-9D2BBD0B8752}.Ad-Hoc|x86.Deploy.0 = Release|Any CPU
		{D17121B1-F5C2-4E2D-8B39-9D2BBD0B8752}.AppStore|Any CPU.ActiveCfg = Release|Any CPU
		{D17121B1-F5C2-4E2D-8B39-9D2BBD0B8752}.AppStore|Any CPU.Build.0 = Release|Any CPU
		{D17121B1-F5C2-4E2D-8B39-9D2BBD0B8752}.AppStore|Any CPU.Deploy.0 = Release|Any CPU
		{D17121B1-F5C2-4E2D-8B39-9D2BBD0B8752}.AppStore|ARM.ActiveCfg = Release|Any CPU
		{D17121B1-F5C2-4E2D-8B39-9D2BBD0B8752}.AppStore|ARM.Build.0 = Release|Any CPU
		{D17121B1-F5C2-4E2D-8B39-9D2BBD0B8752}.AppStore|ARM.Deploy.0 = Release|Any CPU
		{D17121B1-F5C2-4E2D-8B39-9D2BBD0B8752}.AppStore|iPhone.ActiveCfg = Release|Any CPU
		{D17121B1-F5C2-4E2D-8B39-9D2BBD0B8752}.AppStore|iPhone.Build.0 = Release|Any CPU
		{D17121B1-F5C2-4E2D-8B39-9D2BBD0B8752}.AppStore|iPhone.Deploy.0 = Release|Any CPU
		{D17121B1-F5C2-4E2D-8B39-9D2BBD0B8752}.AppStore|iPhoneSimulator.ActiveCfg = Release|Any CPU
		{D17121B1-F5C2-4E2D-8B39-9D2BBD0B8752}.AppStore|iPhoneSimulator.Build.0 = Release|Any CPU
		{D17121B1-F5C2-4E2D-8B39-9D2BBD0B8752}.AppStore|iPhoneSimulator.Deploy.0 = Release|Any CPU
		{D17121B1-F5C2-4E2D-8B39-9D2BBD0B8752}.AppStore|x64.ActiveCfg = Release|Any CPU
		{D17121B1-F5C2-4E2D-8B39-9D2BBD0B8752}.AppStore|x64.Build.0 = Release|Any CPU
		{D17121B1-F5C2-4E2D-8B39-9D2BBD0B8752}.AppStore|x64.Deploy.0 = Release|Any CPU
		{D17121B1-F5C2-4E2D-8B39-9D2BBD0B8752}.AppStore|x86.ActiveCfg = Release|Any CPU
		{D17121B1-F5C2-4E2D-8B39-9D2BBD0B8752}.AppStore|x86.Build.0 = Release|Any CPU
		{D17121B1-F5C2-4E2D-8B39-9D2BBD0B8752}.AppStore|x86.Deploy.0 = Release|Any CPU
		{D17121B1-F5C2-4E2D-8B39-9D2BBD0B8752}.Debug|Any CPU.ActiveCfg = Debug|Any CPU
		{D17121B1-F5C2-4E2D-8B39-9D2BBD0B8752}.Debug|Any CPU.Build.0 = Debug|Any CPU
		{D17121B1-F5C2-4E2D-8B39-9D2BBD0B8752}.Debug|Any CPU.Deploy.0 = Debug|Any CPU
		{D17121B1-F5C2-4E2D-8B39-9D2BBD0B8752}.Debug|ARM.ActiveCfg = Debug|Any CPU
		{D17121B1-F5C2-4E2D-8B39-9D2BBD0B8752}.Debug|ARM.Build.0 = Debug|Any CPU
		{D17121B1-F5C2-4E2D-8B39-9D2BBD0B8752}.Debug|ARM.Deploy.0 = Debug|Any CPU
		{D17121B1-F5C2-4E2D-8B39-9D2BBD0B8752}.Debug|iPhone.ActiveCfg = Debug|Any CPU
		{D17121B1-F5C2-4E2D-8B39-9D2BBD0B8752}.Debug|iPhone.Build.0 = Debug|Any CPU
		{D17121B1-F5C2-4E2D-8B39-9D2BBD0B8752}.Debug|iPhone.Deploy.0 = Debug|Any CPU
		{D17121B1-F5C2-4E2D-8B39-9D2BBD0B8752}.Debug|iPhoneSimulator.ActiveCfg = Debug|Any CPU
		{D17121B1-F5C2-4E2D-8B39-9D2BBD0B8752}.Debug|iPhoneSimulator.Build.0 = Debug|Any CPU
		{D17121B1-F5C2-4E2D-8B39-9D2BBD0B8752}.Debug|iPhoneSimulator.Deploy.0 = Debug|Any CPU
		{D17121B1-F5C2-4E2D-8B39-9D2BBD0B8752}.Debug|x64.ActiveCfg = Debug|Any CPU
		{D17121B1-F5C2-4E2D-8B39-9D2BBD0B8752}.Debug|x64.Build.0 = Debug|Any CPU
		{D17121B1-F5C2-4E2D-8B39-9D2BBD0B8752}.Debug|x64.Deploy.0 = Debug|Any CPU
		{D17121B1-F5C2-4E2D-8B39-9D2BBD0B8752}.Debug|x86.ActiveCfg = Debug|Any CPU
		{D17121B1-F5C2-4E2D-8B39-9D2BBD0B8752}.Debug|x86.Build.0 = Debug|Any CPU
		{D17121B1-F5C2-4E2D-8B39-9D2BBD0B8752}.Debug|x86.Deploy.0 = Debug|Any CPU
		{D17121B1-F5C2-4E2D-8B39-9D2BBD0B8752}.Release|Any CPU.ActiveCfg = Release|Any CPU
		{D17121B1-F5C2-4E2D-8B39-9D2BBD0B8752}.Release|Any CPU.Build.0 = Release|Any CPU
		{D17121B1-F5C2-4E2D-8B39-9D2BBD0B8752}.Release|Any CPU.Deploy.0 = Release|Any CPU
		{D17121B1-F5C2-4E2D-8B39-9D2BBD0B8752}.Release|ARM.ActiveCfg = Release|Any CPU
		{D17121B1-F5C2-4E2D-8B39-9D2BBD0B8752}.Release|ARM.Build.0 = Release|Any CPU
		{D17121B1-F5C2-4E2D-8B39-9D2BBD0B8752}.Release|ARM.Deploy.0 = Release|Any CPU
		{D17121B1-F5C2-4E2D-8B39-9D2BBD0B8752}.Release|iPhone.ActiveCfg = Release|Any CPU
		{D17121B1-F5C2-4E2D-8B39-9D2BBD0B8752}.Release|iPhone.Build.0 = Release|Any CPU
		{D17121B1-F5C2-4E2D-8B39-9D2BBD0B8752}.Release|iPhone.Deploy.0 = Release|Any CPU
		{D17121B1-F5C2-4E2D-8B39-9D2BBD0B8752}.Release|iPhoneSimulator.ActiveCfg = Release|Any CPU
		{D17121B1-F5C2-4E2D-8B39-9D2BBD0B8752}.Release|iPhoneSimulator.Build.0 = Release|Any CPU
		{D17121B1-F5C2-4E2D-8B39-9D2BBD0B8752}.Release|iPhoneSimulator.Deploy.0 = Release|Any CPU
		{D17121B1-F5C2-4E2D-8B39-9D2BBD0B8752}.Release|x64.ActiveCfg = Release|Any CPU
		{D17121B1-F5C2-4E2D-8B39-9D2BBD0B8752}.Release|x64.Build.0 = Release|Any CPU
		{D17121B1-F5C2-4E2D-8B39-9D2BBD0B8752}.Release|x64.Deploy.0 = Release|Any CPU
		{D17121B1-F5C2-4E2D-8B39-9D2BBD0B8752}.Release|x86.ActiveCfg = Release|Any CPU
		{D17121B1-F5C2-4E2D-8B39-9D2BBD0B8752}.Release|x86.Build.0 = Release|Any CPU
		{D17121B1-F5C2-4E2D-8B39-9D2BBD0B8752}.Release|x86.Deploy.0 = Release|Any CPU
		{6E1A66F1-EE93-4D46-936E-7EE4B90853C0}.Ad-Hoc|Any CPU.ActiveCfg = Release|Any CPU
		{6E1A66F1-EE93-4D46-936E-7EE4B90853C0}.Ad-Hoc|Any CPU.Build.0 = Release|Any CPU
		{6E1A66F1-EE93-4D46-936E-7EE4B90853C0}.Ad-Hoc|ARM.ActiveCfg = Release|Any CPU
		{6E1A66F1-EE93-4D46-936E-7EE4B90853C0}.Ad-Hoc|ARM.Build.0 = Release|Any CPU
		{6E1A66F1-EE93-4D46-936E-7EE4B90853C0}.Ad-Hoc|iPhone.ActiveCfg = Release|Any CPU
		{6E1A66F1-EE93-4D46-936E-7EE4B90853C0}.Ad-Hoc|iPhone.Build.0 = Release|Any CPU
		{6E1A66F1-EE93-4D46-936E-7EE4B90853C0}.Ad-Hoc|iPhoneSimulator.ActiveCfg = Release|Any CPU
		{6E1A66F1-EE93-4D46-936E-7EE4B90853C0}.Ad-Hoc|iPhoneSimulator.Build.0 = Release|Any CPU
		{6E1A66F1-EE93-4D46-936E-7EE4B90853C0}.Ad-Hoc|x64.ActiveCfg = Release|Any CPU
		{6E1A66F1-EE93-4D46-936E-7EE4B90853C0}.Ad-Hoc|x64.Build.0 = Release|Any CPU
		{6E1A66F1-EE93-4D46-936E-7EE4B90853C0}.Ad-Hoc|x86.ActiveCfg = Release|Any CPU
		{6E1A66F1-EE93-4D46-936E-7EE4B90853C0}.Ad-Hoc|x86.Build.0 = Release|Any CPU
		{6E1A66F1-EE93-4D46-936E-7EE4B90853C0}.AppStore|Any CPU.ActiveCfg = Release|Any CPU
		{6E1A66F1-EE93-4D46-936E-7EE4B90853C0}.AppStore|Any CPU.Build.0 = Release|Any CPU
		{6E1A66F1-EE93-4D46-936E-7EE4B90853C0}.AppStore|ARM.ActiveCfg = Release|Any CPU
		{6E1A66F1-EE93-4D46-936E-7EE4B90853C0}.AppStore|ARM.Build.0 = Release|Any CPU
		{6E1A66F1-EE93-4D46-936E-7EE4B90853C0}.AppStore|iPhone.ActiveCfg = Release|Any CPU
		{6E1A66F1-EE93-4D46-936E-7EE4B90853C0}.AppStore|iPhone.Build.0 = Release|Any CPU
		{6E1A66F1-EE93-4D46-936E-7EE4B90853C0}.AppStore|iPhoneSimulator.ActiveCfg = Release|Any CPU
		{6E1A66F1-EE93-4D46-936E-7EE4B90853C0}.AppStore|iPhoneSimulator.Build.0 = Release|Any CPU
		{6E1A66F1-EE93-4D46-936E-7EE4B90853C0}.AppStore|x64.ActiveCfg = Release|Any CPU
		{6E1A66F1-EE93-4D46-936E-7EE4B90853C0}.AppStore|x64.Build.0 = Release|Any CPU
		{6E1A66F1-EE93-4D46-936E-7EE4B90853C0}.AppStore|x86.ActiveCfg = Release|Any CPU
		{6E1A66F1-EE93-4D46-936E-7EE4B90853C0}.AppStore|x86.Build.0 = Release|Any CPU
		{6E1A66F1-EE93-4D46-936E-7EE4B90853C0}.Debug|Any CPU.ActiveCfg = Debug|Any CPU
		{6E1A66F1-EE93-4D46-936E-7EE4B90853C0}.Debug|Any CPU.Build.0 = Debug|Any CPU
		{6E1A66F1-EE93-4D46-936E-7EE4B90853C0}.Debug|ARM.ActiveCfg = Debug|Any CPU
		{6E1A66F1-EE93-4D46-936E-7EE4B90853C0}.Debug|ARM.Build.0 = Debug|Any CPU
		{6E1A66F1-EE93-4D46-936E-7EE4B90853C0}.Debug|iPhone.ActiveCfg = Debug|Any CPU
		{6E1A66F1-EE93-4D46-936E-7EE4B90853C0}.Debug|iPhone.Build.0 = Debug|Any CPU
		{6E1A66F1-EE93-4D46-936E-7EE4B90853C0}.Debug|iPhoneSimulator.ActiveCfg = Debug|Any CPU
		{6E1A66F1-EE93-4D46-936E-7EE4B90853C0}.Debug|iPhoneSimulator.Build.0 = Debug|Any CPU
		{6E1A66F1-EE93-4D46-936E-7EE4B90853C0}.Debug|x64.ActiveCfg = Debug|Any CPU
		{6E1A66F1-EE93-4D46-936E-7EE4B90853C0}.Debug|x64.Build.0 = Debug|Any CPU
		{6E1A66F1-EE93-4D46-936E-7EE4B90853C0}.Debug|x86.ActiveCfg = Debug|Any CPU
		{6E1A66F1-EE93-4D46-936E-7EE4B90853C0}.Debug|x86.Build.0 = Debug|Any CPU
		{6E1A66F1-EE93-4D46-936E-7EE4B90853C0}.Release|Any CPU.ActiveCfg = Release|Any CPU
		{6E1A66F1-EE93-4D46-936E-7EE4B90853C0}.Release|Any CPU.Build.0 = Release|Any CPU
		{6E1A66F1-EE93-4D46-936E-7EE4B90853C0}.Release|ARM.ActiveCfg = Release|Any CPU
		{6E1A66F1-EE93-4D46-936E-7EE4B90853C0}.Release|ARM.Build.0 = Release|Any CPU
		{6E1A66F1-EE93-4D46-936E-7EE4B90853C0}.Release|iPhone.ActiveCfg = Release|Any CPU
		{6E1A66F1-EE93-4D46-936E-7EE4B90853C0}.Release|iPhone.Build.0 = Release|Any CPU
		{6E1A66F1-EE93-4D46-936E-7EE4B90853C0}.Release|iPhoneSimulator.ActiveCfg = Release|Any CPU
		{6E1A66F1-EE93-4D46-936E-7EE4B90853C0}.Release|iPhoneSimulator.Build.0 = Release|Any CPU
		{6E1A66F1-EE93-4D46-936E-7EE4B90853C0}.Release|x64.ActiveCfg = Release|Any CPU
		{6E1A66F1-EE93-4D46-936E-7EE4B90853C0}.Release|x64.Build.0 = Release|Any CPU
		{6E1A66F1-EE93-4D46-936E-7EE4B90853C0}.Release|x86.ActiveCfg = Release|Any CPU
		{6E1A66F1-EE93-4D46-936E-7EE4B90853C0}.Release|x86.Build.0 = Release|Any CPU
		{366C0DDD-5F45-4AEF-AAC0-42B2AB12DF62}.Ad-Hoc|Any CPU.ActiveCfg = Release|x86
		{366C0DDD-5F45-4AEF-AAC0-42B2AB12DF62}.Ad-Hoc|Any CPU.Build.0 = Release|x86
		{366C0DDD-5F45-4AEF-AAC0-42B2AB12DF62}.Ad-Hoc|Any CPU.Deploy.0 = Release|x86
		{366C0DDD-5F45-4AEF-AAC0-42B2AB12DF62}.Ad-Hoc|ARM.ActiveCfg = Release|ARM
		{366C0DDD-5F45-4AEF-AAC0-42B2AB12DF62}.Ad-Hoc|ARM.Build.0 = Release|ARM
		{366C0DDD-5F45-4AEF-AAC0-42B2AB12DF62}.Ad-Hoc|ARM.Deploy.0 = Release|ARM
		{366C0DDD-5F45-4AEF-AAC0-42B2AB12DF62}.Ad-Hoc|iPhone.ActiveCfg = Release|x86
		{366C0DDD-5F45-4AEF-AAC0-42B2AB12DF62}.Ad-Hoc|iPhone.Build.0 = Release|x86
		{366C0DDD-5F45-4AEF-AAC0-42B2AB12DF62}.Ad-Hoc|iPhone.Deploy.0 = Release|x86
		{366C0DDD-5F45-4AEF-AAC0-42B2AB12DF62}.Ad-Hoc|iPhoneSimulator.ActiveCfg = Release|x86
		{366C0DDD-5F45-4AEF-AAC0-42B2AB12DF62}.Ad-Hoc|iPhoneSimulator.Build.0 = Release|x86
		{366C0DDD-5F45-4AEF-AAC0-42B2AB12DF62}.Ad-Hoc|iPhoneSimulator.Deploy.0 = Release|x86
		{366C0DDD-5F45-4AEF-AAC0-42B2AB12DF62}.Ad-Hoc|x64.ActiveCfg = Release|x64
		{366C0DDD-5F45-4AEF-AAC0-42B2AB12DF62}.Ad-Hoc|x64.Build.0 = Release|x64
		{366C0DDD-5F45-4AEF-AAC0-42B2AB12DF62}.Ad-Hoc|x64.Deploy.0 = Release|x64
		{366C0DDD-5F45-4AEF-AAC0-42B2AB12DF62}.Ad-Hoc|x86.ActiveCfg = Release|x86
		{366C0DDD-5F45-4AEF-AAC0-42B2AB12DF62}.Ad-Hoc|x86.Build.0 = Release|x86
		{366C0DDD-5F45-4AEF-AAC0-42B2AB12DF62}.Ad-Hoc|x86.Deploy.0 = Release|x86
		{366C0DDD-5F45-4AEF-AAC0-42B2AB12DF62}.AppStore|Any CPU.ActiveCfg = Release|x86
		{366C0DDD-5F45-4AEF-AAC0-42B2AB12DF62}.AppStore|Any CPU.Build.0 = Release|x86
		{366C0DDD-5F45-4AEF-AAC0-42B2AB12DF62}.AppStore|Any CPU.Deploy.0 = Release|x86
		{366C0DDD-5F45-4AEF-AAC0-42B2AB12DF62}.AppStore|ARM.ActiveCfg = Release|ARM
		{366C0DDD-5F45-4AEF-AAC0-42B2AB12DF62}.AppStore|ARM.Build.0 = Release|ARM
		{366C0DDD-5F45-4AEF-AAC0-42B2AB12DF62}.AppStore|ARM.Deploy.0 = Release|ARM
		{366C0DDD-5F45-4AEF-AAC0-42B2AB12DF62}.AppStore|iPhone.ActiveCfg = Release|x86
		{366C0DDD-5F45-4AEF-AAC0-42B2AB12DF62}.AppStore|iPhone.Build.0 = Release|x86
		{366C0DDD-5F45-4AEF-AAC0-42B2AB12DF62}.AppStore|iPhone.Deploy.0 = Release|x86
		{366C0DDD-5F45-4AEF-AAC0-42B2AB12DF62}.AppStore|iPhoneSimulator.ActiveCfg = Release|x86
		{366C0DDD-5F45-4AEF-AAC0-42B2AB12DF62}.AppStore|iPhoneSimulator.Build.0 = Release|x86
		{366C0DDD-5F45-4AEF-AAC0-42B2AB12DF62}.AppStore|iPhoneSimulator.Deploy.0 = Release|x86
		{366C0DDD-5F45-4AEF-AAC0-42B2AB12DF62}.AppStore|x64.ActiveCfg = Release|x64
		{366C0DDD-5F45-4AEF-AAC0-42B2AB12DF62}.AppStore|x64.Build.0 = Release|x64
		{366C0DDD-5F45-4AEF-AAC0-42B2AB12DF62}.AppStore|x64.Deploy.0 = Release|x64
		{366C0DDD-5F45-4AEF-AAC0-42B2AB12DF62}.AppStore|x86.ActiveCfg = Release|x86
		{366C0DDD-5F45-4AEF-AAC0-42B2AB12DF62}.AppStore|x86.Build.0 = Release|x86
		{366C0DDD-5F45-4AEF-AAC0-42B2AB12DF62}.AppStore|x86.Deploy.0 = Release|x86
		{366C0DDD-5F45-4AEF-AAC0-42B2AB12DF62}.Debug|Any CPU.ActiveCfg = Debug|x86
		{366C0DDD-5F45-4AEF-AAC0-42B2AB12DF62}.Debug|ARM.ActiveCfg = Debug|ARM
		{366C0DDD-5F45-4AEF-AAC0-42B2AB12DF62}.Debug|ARM.Build.0 = Debug|ARM
		{366C0DDD-5F45-4AEF-AAC0-42B2AB12DF62}.Debug|ARM.Deploy.0 = Debug|ARM
		{366C0DDD-5F45-4AEF-AAC0-42B2AB12DF62}.Debug|iPhone.ActiveCfg = Debug|x86
		{366C0DDD-5F45-4AEF-AAC0-42B2AB12DF62}.Debug|iPhoneSimulator.ActiveCfg = Debug|x86
		{366C0DDD-5F45-4AEF-AAC0-42B2AB12DF62}.Debug|x64.ActiveCfg = Debug|x64
		{366C0DDD-5F45-4AEF-AAC0-42B2AB12DF62}.Debug|x64.Build.0 = Debug|x64
		{366C0DDD-5F45-4AEF-AAC0-42B2AB12DF62}.Debug|x64.Deploy.0 = Debug|x64
		{366C0DDD-5F45-4AEF-AAC0-42B2AB12DF62}.Debug|x86.ActiveCfg = Debug|x86
		{366C0DDD-5F45-4AEF-AAC0-42B2AB12DF62}.Debug|x86.Build.0 = Debug|x86
		{366C0DDD-5F45-4AEF-AAC0-42B2AB12DF62}.Debug|x86.Deploy.0 = Debug|x86
		{366C0DDD-5F45-4AEF-AAC0-42B2AB12DF62}.Release|Any CPU.ActiveCfg = Release|x86
		{366C0DDD-5F45-4AEF-AAC0-42B2AB12DF62}.Release|ARM.ActiveCfg = Release|ARM
		{366C0DDD-5F45-4AEF-AAC0-42B2AB12DF62}.Release|ARM.Build.0 = Release|ARM
		{366C0DDD-5F45-4AEF-AAC0-42B2AB12DF62}.Release|ARM.Deploy.0 = Release|ARM
		{366C0DDD-5F45-4AEF-AAC0-42B2AB12DF62}.Release|iPhone.ActiveCfg = Release|x86
		{366C0DDD-5F45-4AEF-AAC0-42B2AB12DF62}.Release|iPhoneSimulator.ActiveCfg = Release|x86
		{366C0DDD-5F45-4AEF-AAC0-42B2AB12DF62}.Release|x64.ActiveCfg = Release|x64
		{366C0DDD-5F45-4AEF-AAC0-42B2AB12DF62}.Release|x64.Build.0 = Release|x64
		{366C0DDD-5F45-4AEF-AAC0-42B2AB12DF62}.Release|x64.Deploy.0 = Release|x64
		{366C0DDD-5F45-4AEF-AAC0-42B2AB12DF62}.Release|x86.ActiveCfg = Release|x86
		{366C0DDD-5F45-4AEF-AAC0-42B2AB12DF62}.Release|x86.Build.0 = Release|x86
		{366C0DDD-5F45-4AEF-AAC0-42B2AB12DF62}.Release|x86.Deploy.0 = Release|x86
		{05E70A51-C615-4593-9DAB-5694884E4B8D}.Ad-Hoc|Any CPU.ActiveCfg = Ad-Hoc|iPhone
		{05E70A51-C615-4593-9DAB-5694884E4B8D}.Ad-Hoc|ARM.ActiveCfg = Ad-Hoc|iPhone
		{05E70A51-C615-4593-9DAB-5694884E4B8D}.Ad-Hoc|iPhone.ActiveCfg = Ad-Hoc|iPhone
		{05E70A51-C615-4593-9DAB-5694884E4B8D}.Ad-Hoc|iPhone.Build.0 = Ad-Hoc|iPhone
		{05E70A51-C615-4593-9DAB-5694884E4B8D}.Ad-Hoc|iPhoneSimulator.ActiveCfg = Ad-Hoc|iPhoneSimulator
		{05E70A51-C615-4593-9DAB-5694884E4B8D}.Ad-Hoc|iPhoneSimulator.Build.0 = Ad-Hoc|iPhoneSimulator
		{05E70A51-C615-4593-9DAB-5694884E4B8D}.Ad-Hoc|x64.ActiveCfg = Ad-Hoc|iPhone
		{05E70A51-C615-4593-9DAB-5694884E4B8D}.Ad-Hoc|x86.ActiveCfg = Ad-Hoc|iPhone
		{05E70A51-C615-4593-9DAB-5694884E4B8D}.AppStore|Any CPU.ActiveCfg = AppStore|iPhone
		{05E70A51-C615-4593-9DAB-5694884E4B8D}.AppStore|ARM.ActiveCfg = AppStore|iPhone
		{05E70A51-C615-4593-9DAB-5694884E4B8D}.AppStore|iPhone.ActiveCfg = AppStore|iPhone
		{05E70A51-C615-4593-9DAB-5694884E4B8D}.AppStore|iPhone.Build.0 = AppStore|iPhone
		{05E70A51-C615-4593-9DAB-5694884E4B8D}.AppStore|iPhoneSimulator.ActiveCfg = AppStore|iPhoneSimulator
		{05E70A51-C615-4593-9DAB-5694884E4B8D}.AppStore|iPhoneSimulator.Build.0 = AppStore|iPhoneSimulator
		{05E70A51-C615-4593-9DAB-5694884E4B8D}.AppStore|x64.ActiveCfg = AppStore|iPhone
		{05E70A51-C615-4593-9DAB-5694884E4B8D}.AppStore|x86.ActiveCfg = AppStore|iPhone
		{05E70A51-C615-4593-9DAB-5694884E4B8D}.Debug|Any CPU.ActiveCfg = Debug|iPhone
		{05E70A51-C615-4593-9DAB-5694884E4B8D}.Debug|ARM.ActiveCfg = Debug|iPhone
		{05E70A51-C615-4593-9DAB-5694884E4B8D}.Debug|iPhone.ActiveCfg = Debug|iPhone
		{05E70A51-C615-4593-9DAB-5694884E4B8D}.Debug|iPhone.Build.0 = Debug|iPhone
		{05E70A51-C615-4593-9DAB-5694884E4B8D}.Debug|iPhoneSimulator.ActiveCfg = Debug|iPhoneSimulator
		{05E70A51-C615-4593-9DAB-5694884E4B8D}.Debug|iPhoneSimulator.Build.0 = Debug|iPhoneSimulator
		{05E70A51-C615-4593-9DAB-5694884E4B8D}.Debug|x64.ActiveCfg = Debug|iPhone
		{05E70A51-C615-4593-9DAB-5694884E4B8D}.Debug|x86.ActiveCfg = Debug|iPhone
		{05E70A51-C615-4593-9DAB-5694884E4B8D}.Release|Any CPU.ActiveCfg = Release|iPhone
		{05E70A51-C615-4593-9DAB-5694884E4B8D}.Release|ARM.ActiveCfg = Release|iPhone
		{05E70A51-C615-4593-9DAB-5694884E4B8D}.Release|iPhone.ActiveCfg = Release|iPhone
		{05E70A51-C615-4593-9DAB-5694884E4B8D}.Release|iPhone.Build.0 = Release|iPhone
		{05E70A51-C615-4593-9DAB-5694884E4B8D}.Release|iPhoneSimulator.ActiveCfg = Release|iPhoneSimulator
		{05E70A51-C615-4593-9DAB-5694884E4B8D}.Release|iPhoneSimulator.Build.0 = Release|iPhoneSimulator
		{05E70A51-C615-4593-9DAB-5694884E4B8D}.Release|x64.ActiveCfg = Release|iPhone
		{05E70A51-C615-4593-9DAB-5694884E4B8D}.Release|x86.ActiveCfg = Release|iPhone
	EndGlobalSection
	GlobalSection(SolutionProperties) = preSolution
		HideSolutionNode = FALSE
	EndGlobalSection
EndGlobal
